
Microsoft Visual Studio Solution File, Format Version 12.00
# Visual Studio 15
VisualStudioVersion = 15.0.28307.1062
MinimumVisualStudioVersion = 10.0.40219.1
Project("{9A19103F-16F7-4668-BE54-9A1E7A4F7556}") = "TestSerilogSinks", "TestELK\TestSerilogSinks\TestSerilogSinks.csproj", "{E58FFE47-9D8E-4778-9522-80C389444178}"
EndProject
Project("{9A19103F-16F7-4668-BE54-9A1E7A4F7556}") = "TestSerilogWebAppNetCore", "TestELK\TestSerilogWebAppNetCore\TestSerilogWebAppNetCore.csproj", "{36C120DD-E83E-4771-8CB3-6A94B4E27206}"
EndProject
Global
	GlobalSection(SolutionConfigurationPlatforms) = preSolution
		Debug|Any CPU = Debug|Any CPU
		Release|Any CPU = Release|Any CPU
	EndGlobalSection
	GlobalSection(ProjectConfigurationPlatforms) = postSolution
		{E58FFE47-9D8E-4778-9522-80C389444178}.Debug|Any CPU.ActiveCfg = Debug|Any CPU
		{E58FFE47-9D8E-4778-9522-80C389444178}.Debug|Any CPU.Build.0 = Debug|Any CPU
		{E58FFE47-9D8E-4778-9522-80C389444178}.Release|Any CPU.ActiveCfg = Release|Any CPU
		{E58FFE47-9D8E-4778-9522-80C389444178}.Release|Any CPU.Build.0 = Release|Any CPU
		{36C120DD-E83E-4771-8CB3-6A94B4E27206}.Debug|Any CPU.ActiveCfg = Debug|Any CPU
		{36C120DD-E83E-4771-8CB3-6A94B4E27206}.Debug|Any CPU.Build.0 = Debug|Any CPU
		{36C120DD-E83E-4771-8CB3-6A94B4E27206}.Release|Any CPU.ActiveCfg = Release|Any CPU
		{36C120DD-E83E-4771-8CB3-6A94B4E27206}.Release|Any CPU.Build.0 = Release|Any CPU
	EndGlobalSection
	GlobalSection(SolutionProperties) = preSolution
		HideSolutionNode = FALSE
	EndGlobalSection
	GlobalSection(ExtensibilityGlobals) = postSolution
		SolutionGuid = {F9533B18-CF97-4DA5-942B-1001A39B93F0}
	EndGlobalSection
EndGlobal
